// !$*UTF8*$!
{
	archiveVersion = 1;
	classes = {
	};
	objectVersion = 51;
	objects = {

/* Begin PBXBuildFile section */
		010CFB91233C2C86004283A5 /* PhotoDetailsViewController.swift in Sources */ = {isa = PBXBuildFile; fileRef = 010CFB90233C2C86004283A5 /* PhotoDetailsViewController.swift */; };
		016B86242332E0A900311020 /* AppDelegate.swift in Sources */ = {isa = PBXBuildFile; fileRef = 016B86232332E0A900311020 /* AppDelegate.swift */; };
		016B86292332E0A900311020 /* Main.storyboard in Resources */ = {isa = PBXBuildFile; fileRef = 016B86272332E0A900311020 /* Main.storyboard */; };
		016B862B2332E0AB00311020 /* Assets.xcassets in Resources */ = {isa = PBXBuildFile; fileRef = 016B862A2332E0AB00311020 /* Assets.xcassets */; };
		016B862E2332E0AB00311020 /* LaunchScreen.storyboard in Resources */ = {isa = PBXBuildFile; fileRef = 016B862C2332E0AB00311020 /* LaunchScreen.storyboard */; };
		016B86392332E0AB00311020 /* tumblrTests.swift in Sources */ = {isa = PBXBuildFile; fileRef = 016B86382332E0AB00311020 /* tumblrTests.swift */; };
		016B86442332E0AB00311020 /* tumblrUITests.swift in Sources */ = {isa = PBXBuildFile; fileRef = 016B86432332E0AB00311020 /* tumblrUITests.swift */; };
		016B86522332E14600311020 /* PhotosViewController.swift in Sources */ = {isa = PBXBuildFile; fileRef = 016B86512332E14600311020 /* PhotosViewController.swift */; };
		016B86542332F5E400311020 /* PhotoCell.swift in Sources */ = {isa = PBXBuildFile; fileRef = 016B86532332F5E400311020 /* PhotoCell.swift */; };
		4B0C4B9E4A7C6AAAEFBD436E /* Pods_tumblrUITests.framework in Frameworks */ = {isa = PBXBuildFile; fileRef = 54E6BEC65646045C94F33E7A /* Pods_tumblrUITests.framework */; };
		7575A4ACA019A63E4BCBB888 /* Pods_tumblr.framework in Frameworks */ = {isa = PBXBuildFile; fileRef = 10DDB14978515AAF7D95C4BC /* Pods_tumblr.framework */; };
		DF71AE569297452ABDE9D735 /* Pods_tumblrTests.framework in Frameworks */ = {isa = PBXBuildFile; fileRef = 70633D775FE084F25A197A48 /* Pods_tumblrTests.framework */; };
/* End PBXBuildFile section */

/* Begin PBXContainerItemProxy section */
		016B86352332E0AB00311020 /* PBXContainerItemProxy */ = {
			isa = PBXContainerItemProxy;
			containerPortal = 016B86182332E0A900311020 /* Project object */;
			proxyType = 1;
			remoteGlobalIDString = 016B861F2332E0A900311020;
			remoteInfo = tumblr;
		};
		016B86402332E0AB00311020 /* PBXContainerItemProxy */ = {
			isa = PBXContainerItemProxy;
			containerPortal = 016B86182332E0A900311020 /* Project object */;
			proxyType = 1;
			remoteGlobalIDString = 016B861F2332E0A900311020;
			remoteInfo = tumblr;
		};
/* End PBXContainerItemProxy section */

/* Begin PBXFileReference section */
		010CFB90233C2C86004283A5 /* PhotoDetailsViewController.swift */ = {isa = PBXFileReference; lastKnownFileType = sourcecode.swift; path = PhotoDetailsViewController.swift; sourceTree = "<group>"; };
		016B86202332E0A900311020 /* tumblr.app */ = {isa = PBXFileReference; explicitFileType = wrapper.application; includeInIndex = 0; path = tumblr.app; sourceTree = BUILT_PRODUCTS_DIR; };
		016B86232332E0A900311020 /* AppDelegate.swift */ = {isa = PBXFileReference; lastKnownFileType = sourcecode.swift; path = AppDelegate.swift; sourceTree = "<group>"; };
		016B86282332E0A900311020 /* Base */ = {isa = PBXFileReference; lastKnownFileType = file.storyboard; name = Base; path = Base.lproj/Main.storyboard; sourceTree = "<group>"; };
		016B862A2332E0AB00311020 /* Assets.xcassets */ = {isa = PBXFileReference; lastKnownFileType = folder.assetcatalog; path = Assets.xcassets; sourceTree = "<group>"; };
		016B862D2332E0AB00311020 /* Base */ = {isa = PBXFileReference; lastKnownFileType = file.storyboard; name = Base; path = Base.lproj/LaunchScreen.storyboard; sourceTree = "<group>"; };
		016B862F2332E0AB00311020 /* Info.plist */ = {isa = PBXFileReference; lastKnownFileType = text.plist.xml; path = Info.plist; sourceTree = "<group>"; };
		016B86342332E0AB00311020 /* tumblrTests.xctest */ = {isa = PBXFileReference; explicitFileType = wrapper.cfbundle; includeInIndex = 0; path = tumblrTests.xctest; sourceTree = BUILT_PRODUCTS_DIR; };
		016B86382332E0AB00311020 /* tumblrTests.swift */ = {isa = PBXFileReference; lastKnownFileType = sourcecode.swift; path = tumblrTests.swift; sourceTree = "<group>"; };
		016B863A2332E0AB00311020 /* Info.plist */ = {isa = PBXFileReference; lastKnownFileType = text.plist.xml; path = Info.plist; sourceTree = "<group>"; };
		016B863F2332E0AB00311020 /* tumblrUITests.xctest */ = {isa = PBXFileReference; explicitFileType = wrapper.cfbundle; includeInIndex = 0; path = tumblrUITests.xctest; sourceTree = BUILT_PRODUCTS_DIR; };
		016B86432332E0AB00311020 /* tumblrUITests.swift */ = {isa = PBXFileReference; lastKnownFileType = sourcecode.swift; path = tumblrUITests.swift; sourceTree = "<group>"; };
		016B86452332E0AB00311020 /* Info.plist */ = {isa = PBXFileReference; lastKnownFileType = text.plist.xml; path = Info.plist; sourceTree = "<group>"; };
		016B86512332E14600311020 /* PhotosViewController.swift */ = {isa = PBXFileReference; lastKnownFileType = sourcecode.swift; path = PhotosViewController.swift; sourceTree = "<group>"; };
		016B86532332F5E400311020 /* PhotoCell.swift */ = {isa = PBXFileReference; lastKnownFileType = sourcecode.swift; path = PhotoCell.swift; sourceTree = "<group>"; };
		10DDB14978515AAF7D95C4BC /* Pods_tumblr.framework */ = {isa = PBXFileReference; explicitFileType = wrapper.framework; includeInIndex = 0; path = Pods_tumblr.framework; sourceTree = BUILT_PRODUCTS_DIR; };
		4E764B6778C9772591116F76 /* Pods-tumblrUITests.release.xcconfig */ = {isa = PBXFileReference; includeInIndex = 1; lastKnownFileType = text.xcconfig; name = "Pods-tumblrUITests.release.xcconfig"; path = "Target Support Files/Pods-tumblrUITests/Pods-tumblrUITests.release.xcconfig"; sourceTree = "<group>"; };
		54E6BEC65646045C94F33E7A /* Pods_tumblrUITests.framework */ = {isa = PBXFileReference; explicitFileType = wrapper.framework; includeInIndex = 0; path = Pods_tumblrUITests.framework; sourceTree = BUILT_PRODUCTS_DIR; };
		70633D775FE084F25A197A48 /* Pods_tumblrTests.framework */ = {isa = PBXFileReference; explicitFileType = wrapper.framework; includeInIndex = 0; path = Pods_tumblrTests.framework; sourceTree = BUILT_PRODUCTS_DIR; };
		7696364F9A7EB1EB254AF5FB /* Pods-tumblrUITests.debug.xcconfig */ = {isa = PBXFileReference; includeInIndex = 1; lastKnownFileType = text.xcconfig; name = "Pods-tumblrUITests.debug.xcconfig"; path = "Target Support Files/Pods-tumblrUITests/Pods-tumblrUITests.debug.xcconfig"; sourceTree = "<group>"; };
		88D8ACF53A725CEACB5F632E /* Pods-tumblr.debug.xcconfig */ = {isa = PBXFileReference; includeInIndex = 1; lastKnownFileType = text.xcconfig; name = "Pods-tumblr.debug.xcconfig"; path = "Target Support Files/Pods-tumblr/Pods-tumblr.debug.xcconfig"; sourceTree = "<group>"; };
		93349B4F2D7A897A51D15EFB /* Pods-tumblrTests.release.xcconfig */ = {isa = PBXFileReference; includeInIndex = 1; lastKnownFileType = text.xcconfig; name = "Pods-tumblrTests.release.xcconfig"; path = "Target Support Files/Pods-tumblrTests/Pods-tumblrTests.release.xcconfig"; sourceTree = "<group>"; };
		B322562EE8ED34F68F9A93B3 /* Pods-tumblrTests.debug.xcconfig */ = {isa = PBXFileReference; includeInIndex = 1; lastKnownFileType = text.xcconfig; name = "Pods-tumblrTests.debug.xcconfig"; path = "Target Support Files/Pods-tumblrTests/Pods-tumblrTests.debug.xcconfig"; sourceTree = "<group>"; };
		D2AF2B3FFB77EFF288E5C865 /* Pods-tumblr.release.xcconfig */ = {isa = PBXFileReference; includeInIndex = 1; lastKnownFileType = text.xcconfig; name = "Pods-tumblr.release.xcconfig"; path = "Target Support Files/Pods-tumblr/Pods-tumblr.release.xcconfig"; sourceTree = "<group>"; };
/* End PBXFileReference section */

/* Begin PBXFrameworksBuildPhase section */
		016B861D2332E0A900311020 /* Frameworks */ = {
			isa = PBXFrameworksBuildPhase;
			buildActionMask = 2147483647;
			files = (
				7575A4ACA019A63E4BCBB888 /* Pods_tumblr.framework in Frameworks */,
			);
			runOnlyForDeploymentPostprocessing = 0;
		};
		016B86312332E0AB00311020 /* Frameworks */ = {
			isa = PBXFrameworksBuildPhase;
			buildActionMask = 2147483647;
			files = (
				DF71AE569297452ABDE9D735 /* Pods_tumblrTests.framework in Frameworks */,
			);
			runOnlyForDeploymentPostprocessing = 0;
		};
		016B863C2332E0AB00311020 /* Frameworks */ = {
			isa = PBXFrameworksBuildPhase;
			buildActionMask = 2147483647;
			files = (
				4B0C4B9E4A7C6AAAEFBD436E /* Pods_tumblrUITests.framework in Frameworks */,
			);
			runOnlyForDeploymentPostprocessing = 0;
		};
/* End PBXFrameworksBuildPhase section */

/* Begin PBXGroup section */
		016B86172332E0A900311020 = {
			isa = PBXGroup;
			children = (
				016B86222332E0A900311020 /* tumblr */,
				016B86372332E0AB00311020 /* tumblrTests */,
				016B86422332E0AB00311020 /* tumblrUITests */,
				016B86212332E0A900311020 /* Products */,
				337CE62D55D543A9666FB777 /* Pods */,
				9362E8139CE787EE33A8731C /* Frameworks */,
			);
			sourceTree = "<group>";
		};
		016B86212332E0A900311020 /* Products */ = {
			isa = PBXGroup;
			children = (
				016B86202332E0A900311020 /* tumblr.app */,
				016B86342332E0AB00311020 /* tumblrTests.xctest */,
				016B863F2332E0AB00311020 /* tumblrUITests.xctest */,
			);
			name = Products;
			sourceTree = "<group>";
		};
		016B86222332E0A900311020 /* tumblr */ = {
			isa = PBXGroup;
			children = (
				016B86232332E0A900311020 /* AppDelegate.swift */,
				016B86272332E0A900311020 /* Main.storyboard */,
				016B862A2332E0AB00311020 /* Assets.xcassets */,
				016B862C2332E0AB00311020 /* LaunchScreen.storyboard */,
				016B862F2332E0AB00311020 /* Info.plist */,
				016B86512332E14600311020 /* PhotosViewController.swift */,
				016B86532332F5E400311020 /* PhotoCell.swift */,
				010CFB90233C2C86004283A5 /* PhotoDetailsViewController.swift */,
			);
			path = tumblr;
			sourceTree = "<group>";
		};
		016B86372332E0AB00311020 /* tumblrTests */ = {
			isa = PBXGroup;
			children = (
				016B86382332E0AB00311020 /* tumblrTests.swift */,
				016B863A2332E0AB00311020 /* Info.plist */,
			);
			path = tumblrTests;
			sourceTree = "<group>";
		};
		016B86422332E0AB00311020 /* tumblrUITests */ = {
			isa = PBXGroup;
			children = (
				016B86432332E0AB00311020 /* tumblrUITests.swift */,
				016B86452332E0AB00311020 /* Info.plist */,
			);
			path = tumblrUITests;
			sourceTree = "<group>";
		};
		337CE62D55D543A9666FB777 /* Pods */ = {
			isa = PBXGroup;
			children = (
				88D8ACF53A725CEACB5F632E /* Pods-tumblr.debug.xcconfig */,
				D2AF2B3FFB77EFF288E5C865 /* Pods-tumblr.release.xcconfig */,
				B322562EE8ED34F68F9A93B3 /* Pods-tumblrTests.debug.xcconfig */,
				93349B4F2D7A897A51D15EFB /* Pods-tumblrTests.release.xcconfig */,
				7696364F9A7EB1EB254AF5FB /* Pods-tumblrUITests.debug.xcconfig */,
				4E764B6778C9772591116F76 /* Pods-tumblrUITests.release.xcconfig */,
			);
			path = Pods;
			sourceTree = "<group>";
		};
		9362E8139CE787EE33A8731C /* Frameworks */ = {
			isa = PBXGroup;
			children = (
				10DDB14978515AAF7D95C4BC /* Pods_tumblr.framework */,
				70633D775FE084F25A197A48 /* Pods_tumblrTests.framework */,
				54E6BEC65646045C94F33E7A /* Pods_tumblrUITests.framework */,
			);
			name = Frameworks;
			sourceTree = "<group>";
		};
/* End PBXGroup section */

/* Begin PBXNativeTarget section */
		016B861F2332E0A900311020 /* tumblr */ = {
			isa = PBXNativeTarget;
			buildConfigurationList = 016B86482332E0AB00311020 /* Build configuration list for PBXNativeTarget "tumblr" */;
			buildPhases = (
				79C7AB10205D9EB3DC7EC500 /* [CP] Check Pods Manifest.lock */,
				016B861C2332E0A900311020 /* Sources */,
				016B861D2332E0A900311020 /* Frameworks */,
				016B861E2332E0A900311020 /* Resources */,
				7DA2A5F99AA4C0EFCE05B023 /* [CP] Embed Pods Frameworks */,
			);
			buildRules = (
			);
			dependencies = (
			);
			name = tumblr;
			productName = tumblr;
			productReference = 016B86202332E0A900311020 /* tumblr.app */;
			productType = "com.apple.product-type.application";
		};
		016B86332332E0AB00311020 /* tumblrTests */ = {
			isa = PBXNativeTarget;
			buildConfigurationList = 016B864B2332E0AB00311020 /* Build configuration list for PBXNativeTarget "tumblrTests" */;
			buildPhases = (
				D904B9E593FBFBB7C6D0A907 /* [CP] Check Pods Manifest.lock */,
				016B86302332E0AB00311020 /* Sources */,
				016B86312332E0AB00311020 /* Frameworks */,
				016B86322332E0AB00311020 /* Resources */,
			);
			buildRules = (
			);
			dependencies = (
				016B86362332E0AB00311020 /* PBXTargetDependency */,
			);
			name = tumblrTests;
			productName = tumblrTests;
			productReference = 016B86342332E0AB00311020 /* tumblrTests.xctest */;
			productType = "com.apple.product-type.bundle.unit-test";
		};
		016B863E2332E0AB00311020 /* tumblrUITests */ = {
			isa = PBXNativeTarget;
			buildConfigurationList = 016B864E2332E0AB00311020 /* Build configuration list for PBXNativeTarget "tumblrUITests" */;
			buildPhases = (
				012DF81313D2EF46C9DE5E58 /* [CP] Check Pods Manifest.lock */,
				016B863B2332E0AB00311020 /* Sources */,
				016B863C2332E0AB00311020 /* Frameworks */,
				016B863D2332E0AB00311020 /* Resources */,
			);
			buildRules = (
			);
			dependencies = (
				016B86412332E0AB00311020 /* PBXTargetDependency */,
			);
			name = tumblrUITests;
			productName = tumblrUITests;
			productReference = 016B863F2332E0AB00311020 /* tumblrUITests.xctest */;
			productType = "com.apple.product-type.bundle.ui-testing";
		};
/* End PBXNativeTarget section */

/* Begin PBXProject section */
		016B86182332E0A900311020 /* Project object */ = {
			isa = PBXProject;
			attributes = {
				LastSwiftUpdateCheck = 1000;
				LastUpgradeCheck = 1000;
				ORGANIZATIONNAME = "Maria Hernandez";
				TargetAttributes = {
					016B861F2332E0A900311020 = {
						CreatedOnToolsVersion = 10.0;
					};
					016B86332332E0AB00311020 = {
						CreatedOnToolsVersion = 10.0;
						TestTargetID = 016B861F2332E0A900311020;
					};
					016B863E2332E0AB00311020 = {
						CreatedOnToolsVersion = 10.0;
						TestTargetID = 016B861F2332E0A900311020;
					};
				};
			};
			buildConfigurationList = 016B861B2332E0A900311020 /* Build configuration list for PBXProject "tumblr" */;
			compatibilityVersion = "Xcode 9.3";
			developmentRegion = en;
			hasScannedForEncodings = 0;
			knownRegions = (
				en,
				Base,
			);
			mainGroup = 016B86172332E0A900311020;
			productRefGroup = 016B86212332E0A900311020 /* Products */;
			projectDirPath = "";
			projectRoot = "";
			targets = (
				016B861F2332E0A900311020 /* tumblr */,
				016B86332332E0AB00311020 /* tumblrTests */,
				016B863E2332E0AB00311020 /* tumblrUITests */,
			);
		};
/* End PBXProject section */

/* Begin PBXResourcesBuildPhase section */
		016B861E2332E0A900311020 /* Resources */ = {
			isa = PBXResourcesBuildPhase;
			buildActionMask = 2147483647;
			files = (
				016B862E2332E0AB00311020 /* LaunchScreen.storyboard in Resources */,
				016B862B2332E0AB00311020 /* Assets.xcassets in Resources */,
				016B86292332E0A900311020 /* Main.storyboard in Resources */,
			);
			runOnlyForDeploymentPostprocessing = 0;
		};
		016B86322332E0AB00311020 /* Resources */ = {
			isa = PBXResourcesBuildPhase;
			buildActionMask = 2147483647;
			files = (
			);
			runOnlyForDeploymentPostprocessing = 0;
		};
		016B863D2332E0AB00311020 /* Resources */ = {
			isa = PBXResourcesBuildPhase;
			buildActionMask = 2147483647;
			files = (
			);
			runOnlyForDeploymentPostprocessing = 0;
		};
/* End PBXResourcesBuildPhase section */

/* Begin PBXShellScriptBuildPhase section */
		012DF81313D2EF46C9DE5E58 /* [CP] Check Pods Manifest.lock */ = {
			isa = PBXShellScriptBuildPhase;
			buildActionMask = 2147483647;
			files = (
			);
			inputFileListPaths = (
			);
			inputPaths = (
				"${PODS_PODFILE_DIR_PATH}/Podfile.lock",
				"${PODS_ROOT}/Manifest.lock",
			);
			name = "[CP] Check Pods Manifest.lock";
			outputFileListPaths = (
			);
			outputPaths = (
				"$(DERIVED_FILE_DIR)/Pods-tumblrUITests-checkManifestLockResult.txt",
			);
			runOnlyForDeploymentPostprocessing = 0;
			shellPath = /bin/sh;
			shellScript = "diff \"${PODS_PODFILE_DIR_PATH}/Podfile.lock\" \"${PODS_ROOT}/Manifest.lock\" > /dev/null\nif [ $? != 0 ] ; then\n    # print error to STDERR\n    echo \"error: The sandbox is not in sync with the Podfile.lock. Run 'pod install' or update your CocoaPods installation.\" >&2\n    exit 1\nfi\n# This output is used by Xcode 'outputs' to avoid re-running this script phase.\necho \"SUCCESS\" > \"${SCRIPT_OUTPUT_FILE_0}\"\n";
			showEnvVarsInLog = 0;
		};
		79C7AB10205D9EB3DC7EC500 /* [CP] Check Pods Manifest.lock */ = {
			isa = PBXShellScriptBuildPhase;
			buildActionMask = 2147483647;
			files = (
			);
			inputFileListPaths = (
			);
			inputPaths = (
				"${PODS_PODFILE_DIR_PATH}/Podfile.lock",
				"${PODS_ROOT}/Manifest.lock",
			);
			name = "[CP] Check Pods Manifest.lock";
			outputFileListPaths = (
			);
			outputPaths = (
				"$(DERIVED_FILE_DIR)/Pods-tumblr-checkManifestLockResult.txt",
			);
			runOnlyForDeploymentPostprocessing = 0;
			shellPath = /bin/sh;
			shellScript = "diff \"${PODS_PODFILE_DIR_PATH}/Podfile.lock\" \"${PODS_ROOT}/Manifest.lock\" > /dev/null\nif [ $? != 0 ] ; then\n    # print error to STDERR\n    echo \"error: The sandbox is not in sync with the Podfile.lock. Run 'pod install' or update your CocoaPods installation.\" >&2\n    exit 1\nfi\n# This output is used by Xcode 'outputs' to avoid re-running this script phase.\necho \"SUCCESS\" > \"${SCRIPT_OUTPUT_FILE_0}\"\n";
			showEnvVarsInLog = 0;
		};
		7DA2A5F99AA4C0EFCE05B023 /* [CP] Embed Pods Frameworks */ = {
			isa = PBXShellScriptBuildPhase;
			buildActionMask = 2147483647;
			files = (
			);
			inputFileListPaths = (
				"${PODS_ROOT}/Target Support Files/Pods-tumblr/Pods-tumblr-frameworks-${CONFIGURATION}-input-files.xcfilelist",
			);
			name = "[CP] Embed Pods Frameworks";
			outputFileListPaths = (
				"${PODS_ROOT}/Target Support Files/Pods-tumblr/Pods-tumblr-frameworks-${CONFIGURATION}-output-files.xcfilelist",
			);
			runOnlyForDeploymentPostprocessing = 0;
			shellPath = /bin/sh;
			shellScript = "\"${PODS_ROOT}/Target Support Files/Pods-tumblr/Pods-tumblr-frameworks.sh\"\n";
			showEnvVarsInLog = 0;
		};
		D904B9E593FBFBB7C6D0A907 /* [CP] Check Pods Manifest.lock */ = {
			isa = PBXShellScriptBuildPhase;
			buildActionMask = 2147483647;
			files = (
			);
			inputFileListPaths = (
			);
			inputPaths = (
				"${PODS_PODFILE_DIR_PATH}/Podfile.lock",
				"${PODS_ROOT}/Manifest.lock",
			);
			name = "[CP] Check Pods Manifest.lock";
			outputFileListPaths = (
			);
			outputPaths = (
				"$(DERIVED_FILE_DIR)/Pods-tumblrTests-checkManifestLockResult.txt",
			);
			runOnlyForDeploymentPostprocessing = 0;
			shellPath = /bin/sh;
			shellScript = "diff \"${PODS_PODFILE_DIR_PATH}/Podfile.lock\" \"${PODS_ROOT}/Manifest.lock\" > /dev/null\nif [ $? != 0 ] ; then\n    # print error to STDERR\n    echo \"error: The sandbox is not in sync with the Podfile.lock. Run 'pod install' or update your CocoaPods installation.\" >&2\n    exit 1\nfi\n# This output is used by Xcode 'outputs' to avoid re-running this script phase.\necho \"SUCCESS\" > \"${SCRIPT_OUTPUT_FILE_0}\"\n";
			showEnvVarsInLog = 0;
		};
/* End PBXShellScriptBuildPhase section */

/* Begin PBXSourcesBuildPhase section */
		016B861C2332E0A900311020 /* Sources */ = {
			isa = PBXSourcesBuildPhase;
			buildActionMask = 2147483647;
			files = (
				010CFB91233C2C86004283A5 /* PhotoDetailsViewController.swift in Sources */,
				016B86542332F5E400311020 /* PhotoCell.swift in Sources */,
				016B86242332E0A900311020 /* AppDelegate.swift in Sources */,
				016B86522332E14600311020 /* PhotosViewController.swift in Sources */,
			);
			runOnlyForDeploymentPostprocessing = 0;
		};
		016B86302332E0AB00311020 /* Sources */ = {
			isa = PBXSourcesBuildPhase;
			buildActionMask = 2147483647;
			files = (
				016B86392332E0AB00311020 /* tumblrTests.swift in Sources */,
			);
			runOnlyForDeploymentPostprocessing = 0;
		};
		016B863B2332E0AB00311020 /* Sources */ = {
			isa = PBXSourcesBuildPhase;
			buildActionMask = 2147483647;
			files = (
				016B86442332E0AB00311020 /* tumblrUITests.swift in Sources */,
			);
			runOnlyForDeploymentPostprocessing = 0;
		};
/* End PBXSourcesBuildPhase section */

/* Begin PBXTargetDependency section */
		016B86362332E0AB00311020 /* PBXTargetDependency */ = {
			isa = PBXTargetDependency;
			target = 016B861F2332E0A900311020 /* tumblr */;
			targetProxy = 016B86352332E0AB00311020 /* PBXContainerItemProxy */;
		};
		016B86412332E0AB00311020 /* PBXTargetDependency */ = {
			isa = PBXTargetDependency;
			target = 016B861F2332E0A900311020 /* tumblr */;
			targetProxy = 016B86402332E0AB00311020 /* PBXContainerItemProxy */;
		};
/* End PBXTargetDependency section */

/* Begin PBXVariantGroup section */
		016B86272332E0A900311020 /* Main.storyboard */ = {
			isa = PBXVariantGroup;
			children = (
				016B86282332E0A900311020 /* Base */,
			);
			name = Main.storyboard;
			sourceTree = "<group>";
		};
		016B862C2332E0AB00311020 /* LaunchScreen.storyboard */ = {
			isa = PBXVariantGroup;
			children = (
				016B862D2332E0AB00311020 /* Base */,
			);
			name = LaunchScreen.storyboard;
			sourceTree = "<group>";
		};
/* End PBXVariantGroup section */

/* Begin XCBuildConfiguration section */
		016B86462332E0AB00311020 /* Debug */ = {
			isa = XCBuildConfiguration;
			buildSettings = {
				ALWAYS_SEARCH_USER_PATHS = NO;
				CLANG_ANALYZER_NONNULL = YES;
				CLANG_ANALYZER_NUMBER_OBJECT_CONVERSION = YES_AGGRESSIVE;
				CLANG_CXX_LANGUAGE_STANDARD = "gnu++14";
				CLANG_CXX_LIBRARY = "libc++";
				CLANG_ENABLE_MODULES = YES;
				CLANG_ENABLE_OBJC_ARC = YES;
				CLANG_ENABLE_OBJC_WEAK = YES;
				CLANG_WARN_BLOCK_CAPTURE_AUTORELEASING = YES;
				CLANG_WARN_BOOL_CONVERSION = YES;
				CLANG_WARN_COMMA = YES;
				CLANG_WARN_CONSTANT_CONVERSION = YES;
				CLANG_WARN_DEPRECATED_OBJC_IMPLEMENTATIONS = YES;
				CLANG_WARN_DIRECT_OBJC_ISA_USAGE = YES_ERROR;
				CLANG_WARN_DOCUMENTATION_COMMENTS = YES;
				CLANG_WARN_EMPTY_BODY = YES;
				CLANG_WARN_ENUM_CONVERSION = YES;
				CLANG_WARN_INFINITE_RECURSION = YES;
				CLANG_WARN_INT_CONVERSION = YES;
				CLANG_WARN_NON_LITERAL_NULL_CONVERSION = YES;
				CLANG_WARN_OBJC_IMPLICIT_RETAIN_SELF = YES;
				CLANG_WARN_OBJC_LITERAL_CONVERSION = YES;
				CLANG_WARN_OBJC_ROOT_CLASS = YES_ERROR;
				CLANG_WARN_RANGE_LOOP_ANALYSIS = YES;
				CLANG_WARN_STRICT_PROTOTYPES = YES;
				CLANG_WARN_SUSPICIOUS_MOVE = YES;
				CLANG_WARN_UNGUARDED_AVAILABILITY = YES_AGGRESSIVE;
				CLANG_WARN_UNREACHABLE_CODE = YES;
				CLANG_WARN__DUPLICATE_METHOD_MATCH = YES;
				CODE_SIGN_IDENTITY = "iPhone Developer";
				COPY_PHASE_STRIP = NO;
				DEBUG_INFORMATION_FORMAT = dwarf;
				ENABLE_STRICT_OBJC_MSGSEND = YES;
				ENABLE_TESTABILITY = YES;
				GCC_C_LANGUAGE_STANDARD = gnu11;
				GCC_DYNAMIC_NO_PIC = NO;
				GCC_NO_COMMON_BLOCKS = YES;
				GCC_OPTIMIZATION_LEVEL = 0;
				GCC_PREPROCESSOR_DEFINITIONS = (
					"DEBUG=1",
					"$(inherited)",
				);
				GCC_WARN_64_TO_32_BIT_CONVERSION = YES;
				GCC_WARN_ABOUT_RETURN_TYPE = YES_ERROR;
				GCC_WARN_UNDECLARED_SELECTOR = YES;
				GCC_WARN_UNINITIALIZED_AUTOS = YES_AGGRESSIVE;
				GCC_WARN_UNUSED_FUNCTION = YES;
				GCC_WARN_UNUSED_VARIABLE = YES;
				IPHONEOS_DEPLOYMENT_TARGET = 12.0;
				MTL_ENABLE_DEBUG_INFO = INCLUDE_SOURCE;
				MTL_FAST_MATH = YES;
				ONLY_ACTIVE_ARCH = YES;
				SDKROOT = iphoneos;
				SWIFT_ACTIVE_COMPILATION_CONDITIONS = DEBUG;
				SWIFT_OPTIMIZATION_LEVEL = "-Onone";
			};
			name = Debug;
		};
		016B86472332E0AB00311020 /* Release */ = {
			isa = XCBuildConfiguration;
			buildSettings = {
				ALWAYS_SEARCH_USER_PATHS = NO;
				CLANG_ANALYZER_NONNULL = YES;
				CLANG_ANALYZER_NUMBER_OBJECT_CONVERSION = YES_AGGRESSIVE;
				CLANG_CXX_LANGUAGE_STANDARD = "gnu++14";
				CLANG_CXX_LIBRARY = "libc++";
				CLANG_ENABLE_MODULES = YES;
				CLANG_ENABLE_OBJC_ARC = YES;
				CLANG_ENABLE_OBJC_WEAK = YES;
				CLANG_WARN_BLOCK_CAPTURE_AUTORELEASING = YES;
				CLANG_WARN_BOOL_CONVERSION = YES;
				CLANG_WARN_COMMA = YES;
				CLANG_WARN_CONSTANT_CONVERSION = YES;
				CLANG_WARN_DEPRECATED_OBJC_IMPLEMENTATIONS = YES;
				CLANG_WARN_DIRECT_OBJC_ISA_USAGE = YES_ERROR;
				CLANG_WARN_DOCUMENTATION_COMMENTS = YES;
				CLANG_WARN_EMPTY_BODY = YES;
				CLANG_WARN_ENUM_CONVERSION = YES;
				CLANG_WARN_INFINITE_RECURSION = YES;
				CLANG_WARN_INT_CONVERSION = YES;
				CLANG_WARN_NON_LITERAL_NULL_CONVERSION = YES;
				CLANG_WARN_OBJC_IMPLICIT_RETAIN_SELF = YES;
				CLANG_WARN_OBJC_LITERAL_CONVERSION = YES;
				CLANG_WARN_OBJC_ROOT_CLASS = YES_ERROR;
				CLANG_WARN_RANGE_LOOP_ANALYSIS = YES;
				CLANG_WARN_STRICT_PROTOTYPES = YES;
				CLANG_WARN_SUSPICIOUS_MOVE = YES;
				CLANG_WARN_UNGUARDED_AVAILABILITY = YES_AGGRESSIVE;
				CLANG_WARN_UNREACHABLE_CODE = YES;
				CLANG_WARN__DUPLICATE_METHOD_MATCH = YES;
				CODE_SIGN_IDENTITY = "iPhone Developer";
				COPY_PHASE_STRIP = NO;
				DEBUG_INFORMATION_FORMAT = "dwarf-with-dsym";
				ENABLE_NS_ASSERTIONS = NO;
				ENABLE_STRICT_OBJC_MSGSEND = YES;
				GCC_C_LANGUAGE_STANDARD = gnu11;
				GCC_NO_COMMON_BLOCKS = YES;
				GCC_WARN_64_TO_32_BIT_CONVERSION = YES;
				GCC_WARN_ABOUT_RETURN_TYPE = YES_ERROR;
				GCC_WARN_UNDECLARED_SELECTOR = YES;
				GCC_WARN_UNINITIALIZED_AUTOS = YES_AGGRESSIVE;
				GCC_WARN_UNUSED_FUNCTION = YES;
				GCC_WARN_UNUSED_VARIABLE = YES;
				IPHONEOS_DEPLOYMENT_TARGET = 12.0;
				MTL_ENABLE_DEBUG_INFO = NO;
				MTL_FAST_MATH = YES;
				SDKROOT = iphoneos;
				SWIFT_COMPILATION_MODE = wholemodule;
				SWIFT_OPTIMIZATION_LEVEL = "-O";
				VALIDATE_PRODUCT = YES;
			};
			name = Release;
		};
		016B86492332E0AB00311020 /* Debug */ = {
			isa = XCBuildConfiguration;
			baseConfigurationReference = 88D8ACF53A725CEACB5F632E /* Pods-tumblr.debug.xcconfig */;
			buildSettings = {
				ASSETCATALOG_COMPILER_APPICON_NAME = AppIcon;
				CODE_SIGN_STYLE = Automatic;
				INFOPLIST_FILE = tumblr/Info.plist;
				LD_RUNPATH_SEARCH_PATHS = (
					"$(inherited)",
					"@executable_path/Frameworks",
				);
				PRODUCT_BUNDLE_IDENTIFIER = mariahernandez.tumblr;
				PRODUCT_NAME = "$(TARGET_NAME)";
				SWIFT_VERSION = 4.2;
				TARGETED_DEVICE_FAMILY = "1,2";
			};
			name = Debug;
		};
		016B864A2332E0AB00311020 /* Release */ = {
			isa = XCBuildConfiguration;
			baseConfigurationReference = D2AF2B3FFB77EFF288E5C865 /* Pods-tumblr.release.xcconfig */;
			buildSettings = {
				ASSETCATALOG_COMPILER_APPICON_NAME = AppIcon;
				CODE_SIGN_STYLE = Automatic;
				INFOPLIST_FILE = tumblr/Info.plist;
				LD_RUNPATH_SEARCH_PATHS = (
					"$(inherited)",
					"@executable_path/Frameworks",
				);
				PRODUCT_BUNDLE_IDENTIFIER = mariahernandez.tumblr;
				PRODUCT_NAME = "$(TARGET_NAME)";
				SWIFT_VERSION = 4.2;
				TARGETED_DEVICE_FAMILY = "1,2";
			};
			name = Release;
		};
		016B864C2332E0AB00311020 /* Debug */ = {
			isa = XCBuildConfiguration;
			baseConfigurationReference = B322562EE8ED34F68F9A93B3 /* Pods-tumblrTests.debug.xcconfig */;
			buildSettings = {
				ALWAYS_EMBED_SWIFT_STANDARD_LIBRARIES = YES;
				BUNDLE_LOADER = "$(TEST_HOST)";
				CODE_SIGN_STYLE = Automatic;
				INFOPLIST_FILE = tumblrTests/Info.plist;
				LD_RUNPATH_SEARCH_PATHS = (
					"$(inherited)",
					"@executable_path/Frameworks",
					"@loader_path/Frameworks",
				);
				PRODUCT_BUNDLE_IDENTIFIER = mariahernandez.tumblrTests;
				PRODUCT_NAME = "$(TARGET_NAME)";
				SWIFT_VERSION = 4.2;
				TARGETED_DEVICE_FAMILY = "1,2";
				TEST_HOST = "$(BUILT_PRODUCTS_DIR)/tumblr.app/tumblr";
			};
			name = Debug;
		};
		016B864D2332E0AB00311020 /* Release */ = {
			isa = XCBuildConfiguration;
			baseConfigurationReference = 93349B4F2D7A897A51D15EFB /* Pods-tumblrTests.release.xcconfig */;
			buildSettings = {
				ALWAYS_EMBED_SWIFT_STANDARD_LIBRARIES = YES;
				BUNDLE_LOADER = "$(TEST_HOST)";
				CODE_SIGN_STYLE = Automatic;
				INFOPLIST_FILE = tumblrTests/Info.plist;
				LD_RUNPATH_SEARCH_PATHS = (
					"$(inherited)",
					"@executable_path/Frameworks",
					"@loader_path/Frameworks",
				);
				PRODUCT_BUNDLE_IDENTIFIER = mariahernandez.tumblrTests;
				PRODUCT_NAME = "$(TARGET_NAME)";
				SWIFT_VERSION = 4.2;
				TARGETED_DEVICE_FAMILY = "1,2";
				TEST_HOST = "$(BUILT_PRODUCTS_DIR)/tumblr.app/tumblr";
			};
			name = Release;
		};
		016B864F2332E0AB00311020 /* Debug */ = {
			isa = XCBuildConfiguration;
			baseConfigurationReference = 7696364F9A7EB1EB254AF5FB /* Pods-tumblrUITests.debug.xcconfig */;
			buildSettings = {
				ALWAYS_EMBED_SWIFT_STANDARD_LIBRARIES = YES;
				CODE_SIGN_STYLE = Automatic;
				INFOPLIST_FILE = tumblrUITests/Info.plist;
				LD_RUNPATH_SEARCH_PATHS = (
					"$(inherited)",
					"@executable_path/Frameworks",
					"@loader_path/Frameworks",
				);
				PRODUCT_BUNDLE_IDENTIFIER = mariahernandez.tumblrUITests;
				PRODUCT_NAME = "$(TARGET_NAME)";
				SWIFT_VERSION = 4.2;
				TARGETED_DEVICE_FAMILY = "1,2";
				TEST_TARGET_NAME = tumblr;
			};
			name = Debug;
		};
		016B86502332E0AB00311020 /* Release */ = {
			isa = XCBuildConfiguration;
			baseConfigurationReference = 4E764B6778C9772591116F76 /* Pods-tumblrUITests.release.xcconfig */;
			buildSettings = {
				ALWAYS_EMBED_SWIFT_STANDARD_LIBRARIES = YES;
				CODE_SIGN_STYLE = Automatic;
				INFOPLIST_FILE = tumblrUITests/Info.plist;
				LD_RUNPATH_SEARCH_PATHS = (
					"$(inherited)",
					"@executable_path/Frameworks",
					"@loader_path/Frameworks",
				);
				PRODUCT_BUNDLE_IDENTIFIER = mariahernandez.tumblrUITests;
				PRODUCT_NAME = "$(TARGET_NAME)";
				SWIFT_VERSION = 4.2;
				TARGETED_DEVICE_FAMILY = "1,2";
				TEST_TARGET_NAME = tumblr;
			};
			name = Release;
		};
/* End XCBuildConfiguration section */

/* Begin XCConfigurationList section */
		016B861B2332E0A900311020 /* Build configuration list for PBXProject "tumblr" */ = {
			isa = XCConfigurationList;
			buildConfigurations = (
				016B86462332E0AB00311020 /* Debug */,
				016B86472332E0AB00311020 /* Release */,
			);
			defaultConfigurationIsVisible = 0;
			defaultConfigurationName = Release;
		};
		016B86482332E0AB00311020 /* Build configuration list for PBXNativeTarget "tumblr" */ = {
			isa = XCConfigurationList;
			buildConfigurations = (
				016B86492332E0AB00311020 /* Debug */,
				016B864A2332E0AB00311020 /* Release */,
			);
			defaultConfigurationIsVisible = 0;
			defaultConfigurationName = Release;
		};
		016B864B2332E0AB00311020 /* Build configuration list for PBXNativeTarget "tumblrTests" */ = {
			isa = XCConfigurationList;
			buildConfigurations = (
				016B864C2332E0AB00311020 /* Debug */,
				016B864D2332E0AB00311020 /* Release */,
			);
			defaultConfigurationIsVisible = 0;
			defaultConfigurationName = Release;
		};
		016B864E2332E0AB00311020 /* Build configuration list for PBXNativeTarget "tumblrUITests" */ = {
			isa = XCConfigurationList;
			buildConfigurations = (
				016B864F2332E0AB00311020 /* Debug */,
				016B86502332E0AB00311020 /* Release */,
			);
			defaultConfigurationIsVisible = 0;
			defaultConfigurationName = Release;
		};
/* End XCConfigurationList section */
	};
	rootObject = 016B86182332E0A900311020 /* Project object */;
}
